
Microsoft Visual Studio Solution File, Format Version 12.00
# Visual Studio Version 16
VisualStudioVersion = 16.0.29424.173
MinimumVisualStudioVersion = 10.0.40219.1
Project("{FAE04EC0-301F-11D3-BF4B-00C04F79EFBC}") = "MySqlASPNetMVC", "MySqlASPNetMVC\MySqlASPNetMVC.csproj", "{B5D2F9C6-F40A-4ACB-809B-1899BC9A3ED1}"
EndProject
Global
	GlobalSection(SolutionConfigurationPlatforms) = preSolution
		Debug|Any CPU = Debug|Any CPU
		Release|Any CPU = Release|Any CPU
	EndGlobalSection
	GlobalSection(ProjectConfigurationPlatforms) = postSolution
		{B5D2F9C6-F40A-4ACB-809B-1899BC9A3ED1}.Debug|Any CPU.ActiveCfg = Debug|Any CPU
		{B5D2F9C6-F40A-4ACB-809B-1899BC9A3ED1}.Debug|Any CPU.Build.0 = Debug|Any CPU
		{B5D2F9C6-F40A-4ACB-809B-1899BC9A3ED1}.Release|Any CPU.ActiveCfg = Release|Any CPU
		{B5D2F9C6-F40A-4ACB-809B-1899BC9A3ED1}.Release|Any CPU.Build.0 = Release|Any CPU
	EndGlobalSection
	GlobalSection(SolutionProperties) = preSolution
		HideSolutionNode = FALSE
	EndGlobalSection
	GlobalSection(ExtensibilityGlobals) = postSolution
		SolutionGuid = {174B53AD-88DB-487E-8737-35BA8FBD4E8C}
	EndGlobalSection
EndGlobal
