
Microsoft Visual Studio Solution File, Format Version 12.00
# Visual Studio Version 16
VisualStudioVersion = 16.0.29424.173
MinimumVisualStudioVersion = 10.0.40219.1
Project("{FAE04EC0-301F-11D3-BF4B-00C04F79EFBC}") = "WebApplication1", "WebApplication1\WebApplication1.csproj", "{1BC7783C-23DB-4AA4-989B-8E406D3B65F4}"
EndProject
Global
	GlobalSection(SolutionConfigurationPlatforms) = preSolution
		Debug|Any CPU = Debug|Any CPU
		Release|Any CPU = Release|Any CPU
	EndGlobalSection
	GlobalSection(ProjectConfigurationPlatforms) = postSolution
		{1BC7783C-23DB-4AA4-989B-8E406D3B65F4}.Debug|Any CPU.ActiveCfg = Debug|Any CPU
		{1BC7783C-23DB-4AA4-989B-8E406D3B65F4}.Debug|Any CPU.Build.0 = Debug|Any CPU
		{1BC7783C-23DB-4AA4-989B-8E406D3B65F4}.Release|Any CPU.ActiveCfg = Release|Any CPU
		{1BC7783C-23DB-4AA4-989B-8E406D3B65F4}.Release|Any CPU.Build.0 = Release|Any CPU
	EndGlobalSection
	GlobalSection(SolutionProperties) = preSolution
		HideSolutionNode = FALSE
	EndGlobalSection
	GlobalSection(ExtensibilityGlobals) = postSolution
		SolutionGuid = {B066E3B9-B919-411E-8E7D-D53E012E587F}
	EndGlobalSection
EndGlobal
